{
  "name": "buddyboss-custom-code",
  "version": "1.0.0",
  "lockfileVersion": 2,
  "requires": true,
  "packages": {
    "node_modules/react-native-pinchable": {
      "version": "0.2.1",
      "resolved": "https://registry.npmjs.org/react-native-pinchable/-/react-native-pinchable-0.2.1.tgz",
      "integrity": "sha512-LRSLCrizUX/XtYwwBxyuYL4xDLUhyPbBvD/tUpzns0PX2Zs0pR0fd/LsFm/n6tEigCLL/0KlDrOVhOdW3wtz+Q=="
    }
  }
}
